<?xml version="1.0" encoding="utf-8"?>
<Project ToolsVersion="4.0" xmlns="http://schemas.microsoft.com/developer/msbuild/2003">
  <ItemGroup>
    <ClCompile Include="fade.cpp">
      <Filter>_cpp</Filter>
    </ClCompile>
    <ClCompile Include="animation.cpp">
      <Filter>_cpp</Filter>
    </ClCompile>
    <ClCompile Include="arrow.cpp">
      <Filter>_cpp</Filter>
    </ClCompile>
    <ClCompile Include="billboard.cpp">
      <Filter>_cpp</Filter>
    </ClCompile>
    <ClCompile Include="boss.cpp">
      <Filter>_cpp</Filter>
    </ClCompile>
    <ClCompile Include="camera.cpp">
      <Filter>_cpp</Filter>
    </ClCompile>
    <ClCompile Include="circle.cpp">
      <Filter>_cpp</Filter>
    </ClCompile>
    <ClCompile Include="effect.cpp">
      <Filter>_cpp</Filter>
    </ClCompile>
    <ClCompile Include="enemy.cpp">
      <Filter>_cpp</Filter>
    </ClCompile>
    <ClCompile Include="explosion.cpp">
      <Filter>_cpp</Filter>
    </ClCompile>
    <ClCompile Include="game.cpp">
      <Filter>_cpp</Filter>
    </ClCompile>
    <ClCompile Include="gauge.cpp">
      <Filter>_cpp</Filter>
    </ClCompile>
    <ClCompile Include="HPgauge.cpp">
      <Filter>_cpp</Filter>
    </ClCompile>
    <ClCompile Include="impact.cpp">
      <Filter>_cpp</Filter>
    </ClCompile>
    <ClCompile Include="input.cpp">
      <Filter>_cpp</Filter>
    </ClCompile>
    <ClCompile Include="invisiblewall.cpp">
      <Filter>_cpp</Filter>
    </ClCompile>
    <ClCompile Include="Item.cpp">
      <Filter>_cpp</Filter>
    </ClCompile>
    <ClCompile Include="itemui.cpp">
      <Filter>_cpp</Filter>
    </ClCompile>
    <ClCompile Include="light.cpp">
      <Filter>_cpp</Filter>
    </ClCompile>
    <ClCompile Include="loadmotion.cpp">
      <Filter>_cpp</Filter>
    </ClCompile>
    <ClCompile Include="loadstage.cpp">
      <Filter>_cpp</Filter>
    </ClCompile>
    <ClCompile Include="lockon.cpp">
      <Filter>_cpp</Filter>
    </ClCompile>
    <ClCompile Include="main.cpp">
      <Filter>_cpp</Filter>
    </ClCompile>
    <ClCompile Include="meshcylinder.cpp">
      <Filter>_cpp</Filter>
    </ClCompile>
    <ClCompile Include="meshfield.cpp">
      <Filter>_cpp</Filter>
    </ClCompile>
    <ClCompile Include="meshwall.cpp">
      <Filter>_cpp</Filter>
    </ClCompile>
    <ClCompile Include="minimap.cpp">
      <Filter>_cpp</Filter>
    </ClCompile>
    <ClCompile Include="model.cpp">
      <Filter>_cpp</Filter>
    </ClCompile>
    <ClCompile Include="particle.cpp">
      <Filter>_cpp</Filter>
    </ClCompile>
    <ClCompile Include="particleEditer.cpp">
      <Filter>_cpp</Filter>
    </ClCompile>
    <ClCompile Include="pause.cpp">
      <Filter>_cpp</Filter>
    </ClCompile>
    <ClCompile Include="player.cpp">
      <Filter>_cpp</Filter>
    </ClCompile>
    <ClCompile Include="polygon.cpp">
      <Filter>_cpp</Filter>
    </ClCompile>
    <ClCompile Include="ranking.cpp">
      <Filter>_cpp</Filter>
    </ClCompile>
    <ClCompile Include="result.cpp">
      <Filter>_cpp</Filter>
    </ClCompile>
    <ClCompile Include="resultinfo.cpp">
      <Filter>_cpp</Filter>
    </ClCompile>
    <ClCompile Include="score.cpp">
      <Filter>_cpp</Filter>
    </ClCompile>
    <ClCompile Include="shadow.cpp">
      <Filter>_cpp</Filter>
    </ClCompile>
    <ClCompile Include="skill.cpp">
      <Filter>_cpp</Filter>
    </ClCompile>
    <ClCompile Include="sound.cpp">
      <Filter>_cpp</Filter>
    </ClCompile>
    <ClCompile Include="timer.cpp">
      <Filter>_cpp</Filter>
    </ClCompile>
    <ClCompile Include="title.cpp">
      <Filter>_cpp</Filter>
    </ClCompile>
    <ClCompile Include="titleinfo.cpp">
      <Filter>_cpp</Filter>
    </ClCompile>
    <ClCompile Include="ui.cpp">
      <Filter>_cpp</Filter>
    </ClCompile>
    <ClCompile Include="wall.cpp">
      <Filter>_cpp</Filter>
    </ClCompile>
    <ClCompile Include="wave.cpp">
      <Filter>_cpp</Filter>
    </ClCompile>
  </ItemGroup>
  <ItemGroup>
    <ClInclude Include="fade.h">
      <Filter>_h</Filter>
    </ClInclude>
    <ClInclude Include="animation.h">
      <Filter>_h</Filter>
    </ClInclude>
    <ClInclude Include="arrow.h">
      <Filter>_h</Filter>
    </ClInclude>
    <ClInclude Include="billboard.h">
      <Filter>_h</Filter>
    </ClInclude>
    <ClInclude Include="boss.h">
      <Filter>_h</Filter>
    </ClInclude>
    <ClInclude Include="camera.h">
      <Filter>_h</Filter>
    </ClInclude>
    <ClInclude Include="circle.h">
      <Filter>_h</Filter>
    </ClInclude>
    <ClInclude Include="effect.h">
      <Filter>_h</Filter>
    </ClInclude>
    <ClInclude Include="enemy.h">
      <Filter>_h</Filter>
    </ClInclude>
    <ClInclude Include="explosion.h">
      <Filter>_h</Filter>
    </ClInclude>
    <ClInclude Include="game.h">
      <Filter>_h</Filter>
    </ClInclude>
    <ClInclude Include="gauge.h">
      <Filter>_h</Filter>
    </ClInclude>
    <ClInclude Include="HPgauge.h">
      <Filter>_h</Filter>
    </ClInclude>
    <ClInclude Include="impact.h">
      <Filter>_h</Filter>
    </ClInclude>
    <ClInclude Include="input.h">
      <Filter>_h</Filter>
    </ClInclude>
    <ClInclude Include="invisiblewall.h">
      <Filter>_h</Filter>
    </ClInclude>
    <ClInclude Include="Item.h">
      <Filter>_h</Filter>
    </ClInclude>
    <ClInclude Include="itemui.h">
      <Filter>_h</Filter>
    </ClInclude>
    <ClInclude Include="key.h">
      <Filter>_h</Filter>
    </ClInclude>
    <ClInclude Include="light.h">
      <Filter>_h</Filter>
    </ClInclude>
    <ClInclude Include="loadmotion.h">
      <Filter>_h</Filter>
    </ClInclude>
    <ClInclude Include="loadstage.h">
      <Filter>_h</Filter>
    </ClInclude>
    <ClInclude Include="lockon.h">
      <Filter>_h</Filter>
    </ClInclude>
    <ClInclude Include="main.h">
      <Filter>_h</Filter>
    </ClInclude>
    <ClInclude Include="meshcylinder.h">
      <Filter>_h</Filter>
    </ClInclude>
    <ClInclude Include="meshfield.h">
      <Filter>_h</Filter>
    </ClInclude>
    <ClInclude Include="meshwall.h">
      <Filter>_h</Filter>
    </ClInclude>
    <ClInclude Include="minimap.h">
      <Filter>_h</Filter>
    </ClInclude>
    <ClInclude Include="model.h">
      <Filter>_h</Filter>
    </ClInclude>
    <ClInclude Include="Object.h">
      <Filter>_h</Filter>
    </ClInclude>
    <ClInclude Include="particle.h">
      <Filter>_h</Filter>
    </ClInclude>
    <ClInclude Include="particleEditer.h">
      <Filter>_h</Filter>
    </ClInclude>
    <ClInclude Include="pause.h">
      <Filter>_h</Filter>
    </ClInclude>
    <ClInclude Include="player.h">
      <Filter>_h</Filter>
    </ClInclude>
    <ClInclude Include="polygon.h">
      <Filter>_h</Filter>
    </ClInclude>
    <ClInclude Include="ranking.h">
      <Filter>_h</Filter>
    </ClInclude>
    <ClInclude Include="result.h">
      <Filter>_h</Filter>
    </ClInclude>
    <ClInclude Include="resultinfo.h">
      <Filter>_h</Filter>
    </ClInclude>
    <ClInclude Include="score.h">
      <Filter>_h</Filter>
    </ClInclude>
    <ClInclude Include="shadow.h">
      <Filter>_h</Filter>
    </ClInclude>
    <ClInclude Include="skill.h">
      <Filter>_h</Filter>
    </ClInclude>
    <ClInclude Include="sound.h">
      <Filter>_h</Filter>
    </ClInclude>
    <ClInclude Include="status.h">
      <Filter>_h</Filter>
    </ClInclude>
    <ClInclude Include="timer.h">
      <Filter>_h</Filter>
    </ClInclude>
    <ClInclude Include="title.h">
      <Filter>_h</Filter>
    </ClInclude>
    <ClInclude Include="titleinfo.h">
      <Filter>_h</Filter>
    </ClInclude>
    <ClInclude Include="ui.h">
      <Filter>_h</Filter>
    </ClInclude>
    <ClInclude Include="wall.h">
      <Filter>_h</Filter>
    </ClInclude>
    <ClInclude Include="wave.h">
      <Filter>_h</Filter>
    </ClInclude>
  </ItemGroup>
  <ItemGroup>
    <Filter Include="_cpp">
      <UniqueIdentifier>{3d36fd20-b290-4265-9074-23ac5ce694a6}</UniqueIdentifier>
    </Filter>
    <Filter Include="_h">
      <UniqueIdentifier>{1558ce5a-461e-4603-b443-4506bc187450}</UniqueIdentifier>
    </Filter>
    <Filter Include="_cpp\kensaku">
      <UniqueIdentifier>{4d7ec9e4-19a8-421f-a315-5836eb4b905b}</UniqueIdentifier>
    </Filter>
    <Filter Include="_h\kensaku">
      <UniqueIdentifier>{b611b486-bab5-4623-a035-dcd4d5fad453}</UniqueIdentifier>
    </Filter>
  </ItemGroup>
</Project>