<?xml version="1.0" encoding="utf-8"?>
<Project ToolsVersion="4.0" xmlns="http://schemas.microsoft.com/developer/msbuild/2003">
  <ItemGroup>
    <ClCompile Include="particleEditer.cpp">
      <Filter>H_K\.cpp</Filter>
    </ClCompile>
    <ClCompile Include="animation.cpp">
      <Filter>H_K\.cpp</Filter>
    </ClCompile>
    <ClCompile Include="boss.cpp">
      <Filter>H_K\.cpp</Filter>
    </ClCompile>
    <ClCompile Include="effect.cpp">
      <Filter>H_K\.cpp</Filter>
    </ClCompile>
    <ClCompile Include="enemy.cpp">
      <Filter>H_K\.cpp</Filter>
    </ClCompile>
    <ClCompile Include="impact.cpp">
      <Filter>H_K\.cpp</Filter>
    </ClCompile>
    <ClCompile Include="invisiblewall.cpp">
      <Filter>H_K\.cpp</Filter>
    </ClCompile>
    <ClCompile Include="loadmotion.cpp">
      <Filter>H_K\.cpp</Filter>
    </ClCompile>
    <ClCompile Include="loadstage.cpp">
      <Filter>H_K\.cpp</Filter>
    </ClCompile>
    <ClCompile Include="billboard.cpp">
      <Filter>K_A\.cpp</Filter>
    </ClCompile>
    <ClCompile Include="camera.cpp">
      <Filter>K_A\.cpp</Filter>
    </ClCompile>
    <ClCompile Include="explosion.cpp">
      <Filter>K_A\.cpp</Filter>
    </ClCompile>
    <ClCompile Include="fade.cpp">
      <Filter>K_A\.cpp</Filter>
    </ClCompile>
    <ClCompile Include="game.cpp">
      <Filter>K_A\.cpp</Filter>
    </ClCompile>
    <ClCompile Include="gauge.cpp">
      <Filter>K_A\.cpp</Filter>
    </ClCompile>
    <ClCompile Include="input.cpp">
      <Filter>K_A\.cpp</Filter>
    </ClCompile>
    <ClCompile Include="itemui.cpp">
      <Filter>K_A\.cpp</Filter>
    </ClCompile>
    <ClCompile Include="light.cpp">
      <Filter>K_A\.cpp</Filter>
    </ClCompile>
    <ClCompile Include="lockon.cpp">
      <Filter>K_A\.cpp</Filter>
    </ClCompile>
    <ClCompile Include="main.cpp">
      <Filter>K_A\.cpp</Filter>
    </ClCompile>
    <ClCompile Include="meshcylinder.cpp">
      <Filter>K_A\.cpp</Filter>
    </ClCompile>
    <ClCompile Include="meshfield.cpp">
      <Filter>K_A\.cpp</Filter>
    </ClCompile>
    <ClCompile Include="meshwall.cpp">
      <Filter>K_A\.cpp</Filter>
    </ClCompile>
    <ClCompile Include="particle.cpp">
      <Filter>K_A\.cpp</Filter>
    </ClCompile>
    <ClCompile Include="pause.cpp">
      <Filter>K_A\.cpp</Filter>
    </ClCompile>
    <ClCompile Include="player.cpp">
      <Filter>K_A\.cpp</Filter>
    </ClCompile>
    <ClCompile Include="polygon.cpp">
      <Filter>K_A\.cpp</Filter>
    </ClCompile>
    <ClCompile Include="ranking.cpp">
      <Filter>K_A\.cpp</Filter>
    </ClCompile>
    <ClCompile Include="result.cpp">
      <Filter>K_A\.cpp</Filter>
    </ClCompile>
    <ClCompile Include="resultinfo.cpp">
      <Filter>K_A\.cpp</Filter>
    </ClCompile>
    <ClCompile Include="score.cpp">
      <Filter>K_A\.cpp</Filter>
    </ClCompile>
    <ClCompile Include="shadow.cpp">
      <Filter>K_A\.cpp</Filter>
    </ClCompile>
    <ClCompile Include="skill.cpp">
      <Filter>K_A\.cpp</Filter>
    </ClCompile>
    <ClCompile Include="sound.cpp">
      <Filter>K_A\.cpp</Filter>
    </ClCompile>
    <ClCompile Include="timer.cpp">
      <Filter>K_A\.cpp</Filter>
    </ClCompile>
    <ClCompile Include="title.cpp">
      <Filter>K_A\.cpp</Filter>
    </ClCompile>
    <ClCompile Include="titleinfo.cpp">
      <Filter>K_A\.cpp</Filter>
    </ClCompile>
    <ClCompile Include="ui.cpp">
      <Filter>K_A\.cpp</Filter>
    </ClCompile>
    <ClCompile Include="wall.cpp">
      <Filter>K_A\.cpp</Filter>
    </ClCompile>
    <ClCompile Include="wave.cpp">
      <Filter>O_R\.cpp</Filter>
    </ClCompile>
    <ClCompile Include="arrow.cpp">
      <Filter>O_R\.cpp</Filter>
    </ClCompile>
    <ClCompile Include="circle.cpp">
      <Filter>O_R\.cpp</Filter>
    </ClCompile>
    <ClCompile Include="HPgauge.cpp">
      <Filter>O_R\.cpp</Filter>
    </ClCompile>
    <ClCompile Include="Item.cpp">
      <Filter>O_R\.cpp</Filter>
    </ClCompile>
    <ClCompile Include="minimap.cpp">
      <Filter>O_R\.cpp</Filter>
    </ClCompile>
    <ClCompile Include="model.cpp">
      <Filter>H_K\.cpp</Filter>
    </ClCompile>
    <ClCompile Include="collision.cpp">
      <Filter>H_K\.cpp</Filter>
    </ClCompile>
    <ClCompile Include="skillui.cpp">
      <Filter>K_A\.cpp</Filter>
    </ClCompile>
  </ItemGroup>
  <ItemGroup>
    <ClInclude Include="wall.h">
      <Filter>K_A\.h</Filter>
    </ClInclude>
    <ClInclude Include="ui.h">
      <Filter>K_A\.h</Filter>
    </ClInclude>
    <ClInclude Include="titleinfo.h">
      <Filter>K_A\.h</Filter>
    </ClInclude>
    <ClInclude Include="timer.h">
      <Filter>K_A\.h</Filter>
    </ClInclude>
    <ClInclude Include="title.h">
      <Filter>K_A\.h</Filter>
    </ClInclude>
    <ClInclude Include="status.h">
      <Filter>K_A\.h</Filter>
    </ClInclude>
    <ClInclude Include="sound.h">
      <Filter>K_A\.h</Filter>
    </ClInclude>
    <ClInclude Include="skill.h">
      <Filter>K_A\.h</Filter>
    </ClInclude>
    <ClInclude Include="shadow.h">
      <Filter>K_A\.h</Filter>
    </ClInclude>
    <ClInclude Include="score.h">
      <Filter>K_A\.h</Filter>
    </ClInclude>
    <ClInclude Include="ranking.h">
      <Filter>K_A\.h</Filter>
    </ClInclude>
    <ClInclude Include="result.h">
      <Filter>K_A\.h</Filter>
    </ClInclude>
    <ClInclude Include="resultinfo.h">
      <Filter>K_A\.h</Filter>
    </ClInclude>
    <ClInclude Include="pause.h">
      <Filter>K_A\.h</Filter>
    </ClInclude>
    <ClInclude Include="player.h">
      <Filter>K_A\.h</Filter>
    </ClInclude>
    <ClInclude Include="polygon.h">
      <Filter>K_A\.h</Filter>
    </ClInclude>
    <ClInclude Include="particleEditer.h">
      <Filter>H_K\.h</Filter>
    </ClInclude>
    <ClInclude Include="model.h">
      <Filter>H_K\.h</Filter>
    </ClInclude>
    <ClInclude Include="Object.h">
      <Filter>H_K\.h</Filter>
    </ClInclude>
    <ClInclude Include="particle.h">
      <Filter>H_K\.h</Filter>
    </ClInclude>
    <ClInclude Include="lockon.h">
      <Filter>K_A\.h</Filter>
    </ClInclude>
    <ClInclude Include="main.h">
      <Filter>K_A\.h</Filter>
    </ClInclude>
    <ClInclude Include="meshcylinder.h">
      <Filter>K_A\.h</Filter>
    </ClInclude>
    <ClInclude Include="meshfield.h">
      <Filter>K_A\.h</Filter>
    </ClInclude>
    <ClInclude Include="meshwall.h">
      <Filter>K_A\.h</Filter>
    </ClInclude>
    <ClInclude Include="minimap.h">
      <Filter>K_A\.h</Filter>
    </ClInclude>
    <ClInclude Include="loadmotion.h">
      <Filter>H_K\.h</Filter>
    </ClInclude>
    <ClInclude Include="loadstage.h">
      <Filter>H_K\.h</Filter>
    </ClInclude>
    <ClInclude Include="light.h">
      <Filter>K_A\.h</Filter>
    </ClInclude>
    <ClInclude Include="itemui.h">
      <Filter>K_A\.h</Filter>
    </ClInclude>
    <ClInclude Include="input.h">
      <Filter>K_A\.h</Filter>
    </ClInclude>
    <ClInclude Include="invisiblewall.h">
      <Filter>H_K\.h</Filter>
    </ClInclude>
    <ClInclude Include="impact.h">
      <Filter>H_K\.h</Filter>
    </ClInclude>
    <ClInclude Include="gauge.h">
      <Filter>K_A\.h</Filter>
    </ClInclude>
    <ClInclude Include="game.h">
      <Filter>K_A\.h</Filter>
    </ClInclude>
    <ClInclude Include="fade.h">
      <Filter>K_A\.h</Filter>
    </ClInclude>
    <ClInclude Include="explosion.h">
      <Filter>K_A\.h</Filter>
    </ClInclude>
    <ClInclude Include="effect.h">
      <Filter>H_K\.h</Filter>
    </ClInclude>
    <ClInclude Include="enemy.h">
      <Filter>H_K\.h</Filter>
    </ClInclude>
    <ClInclude Include="camera.h">
      <Filter>K_A\.h</Filter>
    </ClInclude>
    <ClInclude Include="billboard.h">
      <Filter>K_A\.h</Filter>
    </ClInclude>
    <ClInclude Include="animation.h">
      <Filter>H_K\.h</Filter>
    </ClInclude>
    <ClInclude Include="boss.h">
      <Filter>H_K\.h</Filter>
    </ClInclude>
    <ClInclude Include="wave.h">
      <Filter>O_R\.h</Filter>
    </ClInclude>
    <ClInclude Include="arrow.h">
      <Filter>O_R\.h</Filter>
    </ClInclude>
    <ClInclude Include="circle.h">
      <Filter>O_R\.h</Filter>
    </ClInclude>
    <ClInclude Include="HPgauge.h">
      <Filter>O_R\.h</Filter>
    </ClInclude>
    <ClInclude Include="Item.h">
      <Filter>O_R\.h</Filter>
    </ClInclude>
    <ClInclude Include="key.h">
      <Filter>O_R\.h</Filter>
    </ClInclude>
    <ClInclude Include="collision.h">
      <Filter>H_K\.h</Filter>
    </ClInclude>
    <ClInclude Include="skillui.h">
      <Filter>K_A\.h</Filter>
    </ClInclude>
  </ItemGroup>
  <ItemGroup>
    <Filter Include="H_K">
      <UniqueIdentifier>{a392c5e7-829a-46a4-9587-b1be5038bdd6}</UniqueIdentifier>
    </Filter>
    <Filter Include="O_R">
      <UniqueIdentifier>{4d39b2a1-1b28-498a-baae-10c13ea87c62}</UniqueIdentifier>
    </Filter>
    <Filter Include="K_A">
      <UniqueIdentifier>{31d0817c-9fa0-43b1-a081-f1acacea35d8}</UniqueIdentifier>
    </Filter>
    <Filter Include="H_K\.cpp">
      <UniqueIdentifier>{3ffc329e-9f55-4b73-9850-308c51ce342f}</UniqueIdentifier>
    </Filter>
    <Filter Include="H_K\.h">
      <UniqueIdentifier>{df7888d5-42a8-472b-85a2-a5688f4fd5c1}</UniqueIdentifier>
    </Filter>
    <Filter Include="K_A\.cpp">
      <UniqueIdentifier>{c38b3d3c-7d84-48f2-a2f9-181c6950da9a}</UniqueIdentifier>
    </Filter>
    <Filter Include="K_A\.h">
      <UniqueIdentifier>{4f72346a-899d-4922-b979-9c253fc40b33}</UniqueIdentifier>
    </Filter>
    <Filter Include="O_R\.cpp">
      <UniqueIdentifier>{9c0839ae-8d48-4258-9d81-48fd9a160609}</UniqueIdentifier>
    </Filter>
    <Filter Include="O_R\.h">
      <UniqueIdentifier>{3af3ed26-d227-4534-90ad-0ea5c881292e}</UniqueIdentifier>
    </Filter>
  </ItemGroup>
</Project>