
Microsoft Visual Studio Solution File, Format Version 12.00
# Visual Studio Version 16
VisualStudioVersion = 16.0.33423.256
MinimumVisualStudioVersion = 10.0.40219.1
Project("{8BC9CEB8-8B4A-11D0-8D11-00A0C91BC942}") = "TeamB_Game", "TeamB_Game.vcxproj", "{948559D5-A8F2-409F-8064-337742512C1D}"
EndProject
Global
	GlobalSection(SolutionConfigurationPlatforms) = preSolution
		Debug|x64 = Debug|x64
		Debug|x86 = Debug|x86
		Release|x64 = Release|x64
		Release|x86 = Release|x86
	EndGlobalSection
	GlobalSection(ProjectConfigurationPlatforms) = postSolution
		{948559D5-A8F2-409F-8064-337742512C1D}.Debug|x64.ActiveCfg = Debug|x64
		{948559D5-A8F2-409F-8064-337742512C1D}.Debug|x64.Build.0 = Debug|x64
		{948559D5-A8F2-409F-8064-337742512C1D}.Debug|x86.ActiveCfg = Debug|Win32
		{948559D5-A8F2-409F-8064-337742512C1D}.Debug|x86.Build.0 = Debug|Win32
		{948559D5-A8F2-409F-8064-337742512C1D}.Release|x64.ActiveCfg = Release|x64
		{948559D5-A8F2-409F-8064-337742512C1D}.Release|x64.Build.0 = Release|x64
		{948559D5-A8F2-409F-8064-337742512C1D}.Release|x86.ActiveCfg = Release|Win32
		{948559D5-A8F2-409F-8064-337742512C1D}.Release|x86.Build.0 = Release|Win32
	EndGlobalSection
	GlobalSection(SolutionProperties) = preSolution
		HideSolutionNode = FALSE
	EndGlobalSection
	GlobalSection(ExtensibilityGlobals) = postSolution
		SolutionGuid = {13568378-6391-4D7A-B956-E1F9797C5363}
	EndGlobalSection
EndGlobal
